// !$*UTF8*$!
{
	archiveVersion = 1;
	classes = {
	};
	objectVersion = 50;
	objects = {

/* Begin PBXBuildFile section */
		86041719228E47A900E69446 /* CardsLayoutView.swift in Sources */ = {isa = PBXBuildFile; fileRef = 86041718228E47A900E69446 /* CardsLayoutView.swift */; };
		8688D022225A642B0077E113 /* CardView.swift in Sources */ = {isa = PBXBuildFile; fileRef = 8688D021225A642B0077E113 /* CardView.swift */; };
		86B74D7622B5D6C400F36A01 /* CustomSetButton.swift in Sources */ = {isa = PBXBuildFile; fileRef = 86B74D7522B5D6C400F36A01 /* CustomSetButton.swift */; };
		86B9E3B4226B9E3000A41DA1 /* Grid.swift in Sources */ = {isa = PBXBuildFile; fileRef = 86B9E3B3226B9E3000A41DA1 /* Grid.swift */; };
		86CB22AE2259674C00F52C78 /* AppDelegate.swift in Sources */ = {isa = PBXBuildFile; fileRef = 86CB22AD2259674C00F52C78 /* AppDelegate.swift */; };
		86CB22B02259674C00F52C78 /* ViewController.swift in Sources */ = {isa = PBXBuildFile; fileRef = 86CB22AF2259674C00F52C78 /* ViewController.swift */; };
		86CB22B32259674C00F52C78 /* Main.storyboard in Resources */ = {isa = PBXBuildFile; fileRef = 86CB22B12259674C00F52C78 /* Main.storyboard */; };
		86CB22B52259674E00F52C78 /* Assets.xcassets in Resources */ = {isa = PBXBuildFile; fileRef = 86CB22B42259674E00F52C78 /* Assets.xcassets */; };
		86CB22B82259674E00F52C78 /* LaunchScreen.storyboard in Resources */ = {isa = PBXBuildFile; fileRef = 86CB22B62259674E00F52C78 /* LaunchScreen.storyboard */; };
		86CB22C1225967FF00F52C78 /* Card.swift in Sources */ = {isa = PBXBuildFile; fileRef = 86CB22C0225967FF00F52C78 /* Card.swift */; };
		86CB22C32259693300F52C78 /* Set.swift in Sources */ = {isa = PBXBuildFile; fileRef = 86CB22C22259693300F52C78 /* Set.swift */; };
/* End PBXBuildFile section */

/* Begin PBXFileReference section */
		86041718228E47A900E69446 /* CardsLayoutView.swift */ = {isa = PBXFileReference; lastKnownFileType = sourcecode.swift; path = CardsLayoutView.swift; sourceTree = "<group>"; };
		8688D021225A642B0077E113 /* CardView.swift */ = {isa = PBXFileReference; lastKnownFileType = sourcecode.swift; path = CardView.swift; sourceTree = "<group>"; };
		86B74D7522B5D6C400F36A01 /* CustomSetButton.swift */ = {isa = PBXFileReference; lastKnownFileType = sourcecode.swift; path = CustomSetButton.swift; sourceTree = "<group>"; };
		86B9E3B3226B9E3000A41DA1 /* Grid.swift */ = {isa = PBXFileReference; fileEncoding = 4; lastKnownFileType = sourcecode.swift; path = Grid.swift; sourceTree = "<group>"; };
		86CB22AA2259674C00F52C78 /* Graphical_Set.app */ = {isa = PBXFileReference; explicitFileType = wrapper.application; includeInIndex = 0; path = Graphical_Set.app; sourceTree = BUILT_PRODUCTS_DIR; };
		86CB22AD2259674C00F52C78 /* AppDelegate.swift */ = {isa = PBXFileReference; lastKnownFileType = sourcecode.swift; path = AppDelegate.swift; sourceTree = "<group>"; };
		86CB22AF2259674C00F52C78 /* ViewController.swift */ = {isa = PBXFileReference; lastKnownFileType = sourcecode.swift; path = ViewController.swift; sourceTree = "<group>"; };
		86CB22B22259674C00F52C78 /* Base */ = {isa = PBXFileReference; lastKnownFileType = file.storyboard; name = Base; path = Base.lproj/Main.storyboard; sourceTree = "<group>"; };
		86CB22B42259674E00F52C78 /* Assets.xcassets */ = {isa = PBXFileReference; lastKnownFileType = folder.assetcatalog; path = Assets.xcassets; sourceTree = "<group>"; };
		86CB22B72259674E00F52C78 /* Base */ = {isa = PBXFileReference; lastKnownFileType = file.storyboard; name = Base; path = Base.lproj/LaunchScreen.storyboard; sourceTree = "<group>"; };
		86CB22B92259674E00F52C78 /* Info.plist */ = {isa = PBXFileReference; lastKnownFileType = text.plist.xml; path = Info.plist; sourceTree = "<group>"; };
		86CB22C0225967FF00F52C78 /* Card.swift */ = {isa = PBXFileReference; lastKnownFileType = sourcecode.swift; path = Card.swift; sourceTree = "<group>"; };
		86CB22C22259693300F52C78 /* Set.swift */ = {isa = PBXFileReference; lastKnownFileType = sourcecode.swift; path = Set.swift; sourceTree = "<group>"; };
/* End PBXFileReference section */

/* Begin PBXFrameworksBuildPhase section */
		86CB22A72259674C00F52C78 /* Frameworks */ = {
			isa = PBXFrameworksBuildPhase;
			buildActionMask = 2147483647;
			files = (
			);
			runOnlyForDeploymentPostprocessing = 0;
		};
/* End PBXFrameworksBuildPhase section */

/* Begin PBXGroup section */
		86CB22A12259674C00F52C78 = {
			isa = PBXGroup;
			children = (
				86CB22AC2259674C00F52C78 /* Graphical_Set */,
				86CB22AB2259674C00F52C78 /* Products */,
			);
			sourceTree = "<group>";
		};
		86CB22AB2259674C00F52C78 /* Products */ = {
			isa = PBXGroup;
			children = (
				86CB22AA2259674C00F52C78 /* Graphical_Set.app */,
			);
			name = Products;
			sourceTree = "<group>";
		};
		86CB22AC2259674C00F52C78 /* Graphical_Set */ = {
			isa = PBXGroup;
			children = (
				86B74D7522B5D6C400F36A01 /* CustomSetButton.swift */,
				86041718228E47A900E69446 /* CardsLayoutView.swift */,
				86B9E3B3226B9E3000A41DA1 /* Grid.swift */,
				8688D021225A642B0077E113 /* CardView.swift */,
				86CB22C0225967FF00F52C78 /* Card.swift */,
				86CB22C22259693300F52C78 /* Set.swift */,
				86CB22AF2259674C00F52C78 /* ViewController.swift */,
				86CB22B12259674C00F52C78 /* Main.storyboard */,
				86CB22B92259674E00F52C78 /* Info.plist */,
				86CB22BF225967C100F52C78 /* Supporting Files */,
			);
			path = Graphical_Set;
			sourceTree = "<group>";
		};
		86CB22BF225967C100F52C78 /* Supporting Files */ = {
			isa = PBXGroup;
			children = (
				86CB22AD2259674C00F52C78 /* AppDelegate.swift */,
				86CB22B42259674E00F52C78 /* Assets.xcassets */,
				86CB22B62259674E00F52C78 /* LaunchScreen.storyboard */,
			);
			path = "Supporting Files";
			sourceTree = "<group>";
		};
/* End PBXGroup section */

/* Begin PBXNativeTarget section */
		86CB22A92259674C00F52C78 /* Graphical_Set */ = {
			isa = PBXNativeTarget;
			buildConfigurationList = 86CB22BC2259674E00F52C78 /* Build configuration list for PBXNativeTarget "Graphical_Set" */;
			buildPhases = (
				86CB22A62259674C00F52C78 /* Sources */,
				86CB22A72259674C00F52C78 /* Frameworks */,
				86CB22A82259674C00F52C78 /* Resources */,
			);
			buildRules = (
			);
			dependencies = (
			);
			name = Graphical_Set;
			productName = Graphical_Set;
			productReference = 86CB22AA2259674C00F52C78 /* Graphical_Set.app */;
			productType = "com.apple.product-type.application";
		};
/* End PBXNativeTarget section */

/* Begin PBXProject section */
		86CB22A22259674C00F52C78 /* Project object */ = {
			isa = PBXProject;
			attributes = {
				LastSwiftUpdateCheck = 1010;
				LastUpgradeCheck = 1010;
				ORGANIZATIONNAME = "Kris P.";
				TargetAttributes = {
					86CB22A92259674C00F52C78 = {
						CreatedOnToolsVersion = 10.1;
					};
				};
			};
			buildConfigurationList = 86CB22A52259674C00F52C78 /* Build configuration list for PBXProject "Graphical_Set" */;
			compatibilityVersion = "Xcode 9.3";
			developmentRegion = en;
			hasScannedForEncodings = 0;
			knownRegions = (
				en,
				Base,
			);
			mainGroup = 86CB22A12259674C00F52C78;
			productRefGroup = 86CB22AB2259674C00F52C78 /* Products */;
			projectDirPath = "";
			projectRoot = "";
			targets = (
				86CB22A92259674C00F52C78 /* Graphical_Set */,
			);
		};
/* End PBXProject section */

/* Begin PBXResourcesBuildPhase section */
		86CB22A82259674C00F52C78 /* Resources */ = {
			isa = PBXResourcesBuildPhase;
			buildActionMask = 2147483647;
			files = (
				86CB22B82259674E00F52C78 /* LaunchScreen.storyboard in Resources */,
				86CB22B52259674E00F52C78 /* Assets.xcassets in Resources */,
				86CB22B32259674C00F52C78 /* Main.storyboard in Resources */,
			);
			runOnlyForDeploymentPostprocessing = 0;
		};
/* End PBXResourcesBuildPhase section */

/* Begin PBXSourcesBuildPhase section */
		86CB22A62259674C00F52C78 /* Sources */ = {
			isa = PBXSourcesBuildPhase;
			buildActionMask = 2147483647;
			files = (
				86CB22C32259693300F52C78 /* Set.swift in Sources */,
				86CB22B02259674C00F52C78 /* ViewController.swift in Sources */,
				86CB22C1225967FF00F52C78 /* Card.swift in Sources */,
				86B74D7622B5D6C400F36A01 /* CustomSetButton.swift in Sources */,
				86CB22AE2259674C00F52C78 /* AppDelegate.swift in Sources */,
				8688D022225A642B0077E113 /* CardView.swift in Sources */,
				86041719228E47A900E69446 /* CardsLayoutView.swift in Sources */,
				86B9E3B4226B9E3000A41DA1 /* Grid.swift in Sources */,
			);
			runOnlyForDeploymentPostprocessing = 0;
		};
/* End PBXSourcesBuildPhase section */

/* Begin PBXVariantGroup section */
		86CB22B12259674C00F52C78 /* Main.storyboard */ = {
			isa = PBXVariantGroup;
			children = (
				86CB22B22259674C00F52C78 /* Base */,
			);
			name = Main.storyboard;
			sourceTree = "<group>";
		};
		86CB22B62259674E00F52C78 /* LaunchScreen.storyboard */ = {
			isa = PBXVariantGroup;
			children = (
				86CB22B72259674E00F52C78 /* Base */,
			);
			name = LaunchScreen.storyboard;
			sourceTree = "<group>";
		};
/* End PBXVariantGroup section */

/* Begin XCBuildConfiguration section */
		86CB22BA2259674E00F52C78 /* Debug */ = {
			isa = XCBuildConfiguration;
			buildSettings = {
				ALWAYS_SEARCH_USER_PATHS = NO;
				CLANG_ANALYZER_NONNULL = YES;
				CLANG_ANALYZER_NUMBER_OBJECT_CONVERSION = YES_AGGRESSIVE;
				CLANG_CXX_LANGUAGE_STANDARD = "gnu++14";
				CLANG_CXX_LIBRARY = "libc++";
				CLANG_ENABLE_MODULES = YES;
				CLANG_ENABLE_OBJC_ARC = YES;
				CLANG_ENABLE_OBJC_WEAK = YES;
				CLANG_WARN_BLOCK_CAPTURE_AUTORELEASING = YES;
				CLANG_WARN_BOOL_CONVERSION = YES;
				CLANG_WARN_COMMA = YES;
				CLANG_WARN_CONSTANT_CONVERSION = YES;
				CLANG_WARN_DEPRECATED_OBJC_IMPLEMENTATIONS = YES;
				CLANG_WARN_DIRECT_OBJC_ISA_USAGE = YES_ERROR;
				CLANG_WARN_DOCUMENTATION_COMMENTS = YES;
				CLANG_WARN_EMPTY_BODY = YES;
				CLANG_WARN_ENUM_CONVERSION = YES;
				CLANG_WARN_INFINITE_RECURSION = YES;
				CLANG_WARN_INT_CONVERSION = YES;
				CLANG_WARN_NON_LITERAL_NULL_CONVERSION = YES;
				CLANG_WARN_OBJC_IMPLICIT_RETAIN_SELF = YES;
				CLANG_WARN_OBJC_LITERAL_CONVERSION = YES;
				CLANG_WARN_OBJC_ROOT_CLASS = YES_ERROR;
				CLANG_WARN_RANGE_LOOP_ANALYSIS = YES;
				CLANG_WARN_STRICT_PROTOTYPES = YES;
				CLANG_WARN_SUSPICIOUS_MOVE = YES;
				CLANG_WARN_UNGUARDED_AVAILABILITY = YES_AGGRESSIVE;
				CLANG_WARN_UNREACHABLE_CODE = YES;
				CLANG_WARN__DUPLICATE_METHOD_MATCH = YES;
				CODE_SIGN_IDENTITY = "iPhone Developer";
				COPY_PHASE_STRIP = NO;
				DEBUG_INFORMATION_FORMAT = dwarf;
				ENABLE_STRICT_OBJC_MSGSEND = YES;
				ENABLE_TESTABILITY = YES;
				GCC_C_LANGUAGE_STANDARD = gnu11;
				GCC_DYNAMIC_NO_PIC = NO;
				GCC_NO_COMMON_BLOCKS = YES;
				GCC_OPTIMIZATION_LEVEL = 0;
				GCC_PREPROCESSOR_DEFINITIONS = (
					"DEBUG=1",
					"$(inherited)",
				);
				GCC_WARN_64_TO_32_BIT_CONVERSION = YES;
				GCC_WARN_ABOUT_RETURN_TYPE = YES_ERROR;
				GCC_WARN_UNDECLARED_SELECTOR = YES;
				GCC_WARN_UNINITIALIZED_AUTOS = YES_AGGRESSIVE;
				GCC_WARN_UNUSED_FUNCTION = YES;
				GCC_WARN_UNUSED_VARIABLE = YES;
				IPHONEOS_DEPLOYMENT_TARGET = 12.1;
				MTL_ENABLE_DEBUG_INFO = INCLUDE_SOURCE;
				MTL_FAST_MATH = YES;
				ONLY_ACTIVE_ARCH = YES;
				SDKROOT = iphoneos;
				SWIFT_ACTIVE_COMPILATION_CONDITIONS = DEBUG;
				SWIFT_OPTIMIZATION_LEVEL = "-Onone";
			};
			name = Debug;
		};
		86CB22BB2259674E00F52C78 /* Release */ = {
			isa = XCBuildConfiguration;
			buildSettings = {
				ALWAYS_SEARCH_USER_PATHS = NO;
				CLANG_ANALYZER_NONNULL = YES;
				CLANG_ANALYZER_NUMBER_OBJECT_CONVERSION = YES_AGGRESSIVE;
				CLANG_CXX_LANGUAGE_STANDARD = "gnu++14";
				CLANG_CXX_LIBRARY = "libc++";
				CLANG_ENABLE_MODULES = YES;
				CLANG_ENABLE_OBJC_ARC = YES;
				CLANG_ENABLE_OBJC_WEAK = YES;
				CLANG_WARN_BLOCK_CAPTURE_AUTORELEASING = YES;
				CLANG_WARN_BOOL_CONVERSION = YES;
				CLANG_WARN_COMMA = YES;
				CLANG_WARN_CONSTANT_CONVERSION = YES;
				CLANG_WARN_DEPRECATED_OBJC_IMPLEMENTATIONS = YES;
				CLANG_WARN_DIRECT_OBJC_ISA_USAGE = YES_ERROR;
				CLANG_WARN_DOCUMENTATION_COMMENTS = YES;
				CLANG_WARN_EMPTY_BODY = YES;
				CLANG_WARN_ENUM_CONVERSION = YES;
				CLANG_WARN_INFINITE_RECURSION = YES;
				CLANG_WARN_INT_CONVERSION = YES;
				CLANG_WARN_NON_LITERAL_NULL_CONVERSION = YES;
				CLANG_WARN_OBJC_IMPLICIT_RETAIN_SELF = YES;
				CLANG_WARN_OBJC_LITERAL_CONVERSION = YES;
				CLANG_WARN_OBJC_ROOT_CLASS = YES_ERROR;
				CLANG_WARN_RANGE_LOOP_ANALYSIS = YES;
				CLANG_WARN_STRICT_PROTOTYPES = YES;
				CLANG_WARN_SUSPICIOUS_MOVE = YES;
				CLANG_WARN_UNGUARDED_AVAILABILITY = YES_AGGRESSIVE;
				CLANG_WARN_UNREACHABLE_CODE = YES;
				CLANG_WARN__DUPLICATE_METHOD_MATCH = YES;
				CODE_SIGN_IDENTITY = "iPhone Developer";
				COPY_PHASE_STRIP = NO;
				DEBUG_INFORMATION_FORMAT = "dwarf-with-dsym";
				ENABLE_NS_ASSERTIONS = NO;
				ENABLE_STRICT_OBJC_MSGSEND = YES;
				GCC_C_LANGUAGE_STANDARD = gnu11;
				GCC_NO_COMMON_BLOCKS = YES;
				GCC_WARN_64_TO_32_BIT_CONVERSION = YES;
				GCC_WARN_ABOUT_RETURN_TYPE = YES_ERROR;
				GCC_WARN_UNDECLARED_SELECTOR = YES;
				GCC_WARN_UNINITIALIZED_AUTOS = YES_AGGRESSIVE;
				GCC_WARN_UNUSED_FUNCTION = YES;
				GCC_WARN_UNUSED_VARIABLE = YES;
				IPHONEOS_DEPLOYMENT_TARGET = 12.1;
				MTL_ENABLE_DEBUG_INFO = NO;
				MTL_FAST_MATH = YES;
				SDKROOT = iphoneos;
				SWIFT_COMPILATION_MODE = wholemodule;
				SWIFT_OPTIMIZATION_LEVEL = "-O";
				VALIDATE_PRODUCT = YES;
			};
			name = Release;
		};
		86CB22BD2259674E00F52C78 /* Debug */ = {
			isa = XCBuildConfiguration;
			buildSettings = {
				ASSETCATALOG_COMPILER_APPICON_NAME = AppIcon;
				CODE_SIGN_STYLE = Automatic;
				DEVELOPMENT_TEAM = K25344DZDL;
				INFOPLIST_FILE = Graphical_Set/Info.plist;
				LD_RUNPATH_SEARCH_PATHS = (
					"$(inherited)",
					"@executable_path/Frameworks",
				);
				PRODUCT_BUNDLE_IDENTIFIER = "KrisP.Graphical-Set";
				PRODUCT_NAME = "$(TARGET_NAME)";
				SWIFT_VERSION = 4.2;
				TARGETED_DEVICE_FAMILY = "1,2";
			};
			name = Debug;
		};
		86CB22BE2259674E00F52C78 /* Release */ = {
			isa = XCBuildConfiguration;
			buildSettings = {
				ASSETCATALOG_COMPILER_APPICON_NAME = AppIcon;
				CODE_SIGN_STYLE = Automatic;
				DEVELOPMENT_TEAM = K25344DZDL;
				INFOPLIST_FILE = Graphical_Set/Info.plist;
				LD_RUNPATH_SEARCH_PATHS = (
					"$(inherited)",
					"@executable_path/Frameworks",
				);
				PRODUCT_BUNDLE_IDENTIFIER = "KrisP.Graphical-Set";
				PRODUCT_NAME = "$(TARGET_NAME)";
				SWIFT_VERSION = 4.2;
				TARGETED_DEVICE_FAMILY = "1,2";
			};
			name = Release;
		};
/* End XCBuildConfiguration section */

/* Begin XCConfigurationList section */
		86CB22A52259674C00F52C78 /* Build configuration list for PBXProject "Graphical_Set" */ = {
			isa = XCConfigurationList;
			buildConfigurations = (
				86CB22BA2259674E00F52C78 /* Debug */,
				86CB22BB2259674E00F52C78 /* Release */,
			);
			defaultConfigurationIsVisible = 0;
			defaultConfigurationName = Release;
		};
		86CB22BC2259674E00F52C78 /* Build configuration list for PBXNativeTarget "Graphical_Set" */ = {
			isa = XCConfigurationList;
			buildConfigurations = (
				86CB22BD2259674E00F52C78 /* Debug */,
				86CB22BE2259674E00F52C78 /* Release */,
			);
			defaultConfigurationIsVisible = 0;
			defaultConfigurationName = Release;
		};
/* End XCConfigurationList section */
	};
	rootObject = 86CB22A22259674C00F52C78 /* Project object */;
}
